
Microsoft Visual Studio Solution File, Format Version 12.00
# Visual Studio Version 16
VisualStudioVersion = 16.0.29613.14
MinimumVisualStudioVersion = 10.0.40219.1
Project("{FAE04EC0-301F-11D3-BF4B-00C04F79EFBC}") = "Factory", "Factory\Factory.csproj", "{C1E8D43B-548B-4D65-93CB-D5B706EAFCBD}"
EndProject
Project("{9A19103F-16F7-4668-BE54-9A1E7A4F7556}") = "Polymorfism", "Polymorfism\Polymorfism.csproj", "{254D114F-2F9A-441D-B4E0-48DF601DD189}"
EndProject
Project("{9A19103F-16F7-4668-BE54-9A1E7A4F7556}") = "Singleton", "Singleton\Singleton.csproj", "{99BE9ACC-94AC-4C7F-9B25-6C4CD4E0BEB8}"
EndProject
Global
	GlobalSection(SolutionConfigurationPlatforms) = preSolution
		Debug|Any CPU = Debug|Any CPU
		Release|Any CPU = Release|Any CPU
	EndGlobalSection
	GlobalSection(ProjectConfigurationPlatforms) = postSolution
		{C1E8D43B-548B-4D65-93CB-D5B706EAFCBD}.Debug|Any CPU.ActiveCfg = Debug|Any CPU
		{C1E8D43B-548B-4D65-93CB-D5B706EAFCBD}.Debug|Any CPU.Build.0 = Debug|Any CPU
		{C1E8D43B-548B-4D65-93CB-D5B706EAFCBD}.Release|Any CPU.ActiveCfg = Release|Any CPU
		{C1E8D43B-548B-4D65-93CB-D5B706EAFCBD}.Release|Any CPU.Build.0 = Release|Any CPU
		{254D114F-2F9A-441D-B4E0-48DF601DD189}.Debug|Any CPU.ActiveCfg = Debug|Any CPU
		{254D114F-2F9A-441D-B4E0-48DF601DD189}.Debug|Any CPU.Build.0 = Debug|Any CPU
		{254D114F-2F9A-441D-B4E0-48DF601DD189}.Release|Any CPU.ActiveCfg = Release|Any CPU
		{254D114F-2F9A-441D-B4E0-48DF601DD189}.Release|Any CPU.Build.0 = Release|Any CPU
		{99BE9ACC-94AC-4C7F-9B25-6C4CD4E0BEB8}.Debug|Any CPU.ActiveCfg = Debug|Any CPU
		{99BE9ACC-94AC-4C7F-9B25-6C4CD4E0BEB8}.Debug|Any CPU.Build.0 = Debug|Any CPU
		{99BE9ACC-94AC-4C7F-9B25-6C4CD4E0BEB8}.Release|Any CPU.ActiveCfg = Release|Any CPU
		{99BE9ACC-94AC-4C7F-9B25-6C4CD4E0BEB8}.Release|Any CPU.Build.0 = Release|Any CPU
	EndGlobalSection
	GlobalSection(SolutionProperties) = preSolution
		HideSolutionNode = FALSE
	EndGlobalSection
	GlobalSection(ExtensibilityGlobals) = postSolution
		SolutionGuid = {A2F7D2D3-B758-4A31-9C50-0ED1EE1E15D5}
	EndGlobalSection
EndGlobal
